
Microsoft Visual Studio Solution File, Format Version 12.00
# Visual Studio Version 17
VisualStudioVersion = 17.9.34723.18
MinimumVisualStudioVersion = 10.0.40219.1
Project("{FAE04EC0-301F-11D3-BF4B-00C04F79EFBC}") = "Task1", "Task1\Task1.csproj", "{2AB7780B-EDC2-4B6C-95BA-376B563E0B4B}"
EndProject
Project("{FAE04EC0-301F-11D3-BF4B-00C04F79EFBC}") = "Task2", "Task2\Task2.csproj", "{48D410A1-F4CC-4F63-9259-301D29A534DC}"
EndProject
Global
	GlobalSection(SolutionConfigurationPlatforms) = preSolution
		Debug|Any CPU = Debug|Any CPU
		Release|Any CPU = Release|Any CPU
	EndGlobalSection
	GlobalSection(ProjectConfigurationPlatforms) = postSolution
		{2AB7780B-EDC2-4B6C-95BA-376B563E0B4B}.Debug|Any CPU.ActiveCfg = Debug|Any CPU
		{2AB7780B-EDC2-4B6C-95BA-376B563E0B4B}.Debug|Any CPU.Build.0 = Debug|Any CPU
		{2AB7780B-EDC2-4B6C-95BA-376B563E0B4B}.Release|Any CPU.ActiveCfg = Release|Any CPU
		{2AB7780B-EDC2-4B6C-95BA-376B563E0B4B}.Release|Any CPU.Build.0 = Release|Any CPU
		{48D410A1-F4CC-4F63-9259-301D29A534DC}.Debug|Any CPU.ActiveCfg = Debug|Any CPU
		{48D410A1-F4CC-4F63-9259-301D29A534DC}.Debug|Any CPU.Build.0 = Debug|Any CPU
		{48D410A1-F4CC-4F63-9259-301D29A534DC}.Release|Any CPU.ActiveCfg = Release|Any CPU
		{48D410A1-F4CC-4F63-9259-301D29A534DC}.Release|Any CPU.Build.0 = Release|Any CPU
	EndGlobalSection
	GlobalSection(SolutionProperties) = preSolution
		HideSolutionNode = FALSE
	EndGlobalSection
	GlobalSection(ExtensibilityGlobals) = postSolution
		SolutionGuid = {A848D123-9966-4F39-8047-E12B547D79FF}
	EndGlobalSection
EndGlobal
